
Microsoft Visual Studio Solution File, Format Version 12.00
# Visual Studio Version 17
VisualStudioVersion = 17.0.31903.59
MinimumVisualStudioVersion = 10.0.40219.1
Project("{2150E333-8FDC-42A3-9474-1A3956D46DE8}") = "src", "src", "{19771EC4-207F-47D7-8867-1E715BEE513A}"
EndProject
Project("{FAE04EC0-301F-11D3-BF4B-00C04F79EFBC}") = "Pixelbadger.ScrumPoker.Web", "src\Pixelbadger.ScrumPoker.Web\Pixelbadger.ScrumPoker.Web.csproj", "{238A688D-9749-40FA-A22C-3F7C2A50F370}"
EndProject
Global
	GlobalSection(SolutionConfigurationPlatforms) = preSolution
		Debug|Any CPU = Debug|Any CPU
		Release|Any CPU = Release|Any CPU
	EndGlobalSection
	GlobalSection(SolutionProperties) = preSolution
		HideSolutionNode = FALSE
	EndGlobalSection
	GlobalSection(ProjectConfigurationPlatforms) = postSolution
		{238A688D-9749-40FA-A22C-3F7C2A50F370}.Debug|Any CPU.ActiveCfg = Debug|Any CPU
		{238A688D-9749-40FA-A22C-3F7C2A50F370}.Debug|Any CPU.Build.0 = Debug|Any CPU
		{238A688D-9749-40FA-A22C-3F7C2A50F370}.Release|Any CPU.ActiveCfg = Release|Any CPU
		{238A688D-9749-40FA-A22C-3F7C2A50F370}.Release|Any CPU.Build.0 = Release|Any CPU
	EndGlobalSection
	GlobalSection(NestedProjects) = preSolution
		{238A688D-9749-40FA-A22C-3F7C2A50F370} = {19771EC4-207F-47D7-8867-1E715BEE513A}
	EndGlobalSection
EndGlobal
